Microsoft Visual Studio Solution File, Format Version 12.00
# Visual Studio Version 17
VisualStudioVersion = 17.5.2.0
MinimumVisualStudioVersion = 10.0.40219.1
Project("{FAE04EC0-301F-11D3-BF4B-00C04F79EFBC}") = "getService.Api", "getService.Api\getService.Api.csproj", "{12292B50-500C-3EC0-114B-259BDFE10C12}"
EndProject
Global
	GlobalSection(SolutionConfigurationPlatforms) = preSolution
		Debug|Any CPU = Debug|Any CPU
		Release|Any CPU = Release|Any CPU
	EndGlobalSection
	GlobalSection(ProjectConfigurationPlatforms) = postSolution
		{12292B50-500C-3EC0-114B-259BDFE10C12}.Debug|Any CPU.ActiveCfg = Debug|Any CPU
		{12292B50-500C-3EC0-114B-259BDFE10C12}.Debug|Any CPU.Build.0 = Debug|Any CPU
		{12292B50-500C-3EC0-114B-259BDFE10C12}.Release|Any CPU.ActiveCfg = Release|Any CPU
		{12292B50-500C-3EC0-114B-259BDFE10C12}.Release|Any CPU.Build.0 = Release|Any CPU
	EndGlobalSection
	GlobalSection(SolutionProperties) = preSolution
		HideSolutionNode = FALSE
	EndGlobalSection
	GlobalSection(ExtensibilityGlobals) = postSolution
		SolutionGuid = {FCCF4025-8E2E-468D-890A-327318440ADB}
	EndGlobalSection
EndGlobal
